<?xml version="1.0" encoding="utf-8"?>
<Project ToolsVersion="4.0" xmlns="http://schemas.microsoft.com/developer/msbuild/2003">
  <ItemGroup>
    <Filter Include="Resource Files">
      <UniqueIdentifier>{67DA6AB6-F800-4c08-8B7A-83BB121AAD01}</UniqueIdentifier>
      <Extensions>rc;ico;cur;bmp;dlg;rc2;rct;bin;rgs;gif;jpg;jpeg;jpe;resx;tiff;tif;png;wav;mfcribbon-ms</Extensions>
    </Filter>
    <Filter Include="Generated Files">
      <UniqueIdentifier>{ac13f2ec-3501-4631-90bf-5161087f546a}</UniqueIdentifier>
    </Filter>
  </ItemGroup>
  <ItemGroup>
    <ClCompile Include="JojobaScript.cc" />
    <ClCompile Include="Statement.cc" />
    <ClCompile Include="Expression.cc" />
    <ClCompile Include="Context.cc" />
    <ClCompile Include="Generator.cc" />
    <ClCompile Include="pch.cpp" />
    <ClCompile Include="parser.cc" />
    <ClCompile Include="scanner.cc" />
    <ClCompile Include="Function.cc" />
    <ClCompile Include="Iterator.cc" />
    <ClCompile Include="ValueReference.cc" />
    <ClCompile Include="FiberRunner.cc" />
  </ItemGroup>
  <ItemGroup>
    <ClInclude Include="scanner.h" />
    <ClInclude Include="Statement.h" />
    <ClInclude Include="Expression.h" />
    <ClInclude Include="Context.h" />
    <ClInclude Include="Generator.h" />
    <ClInclude Include="pch.h" />
    <ClInclude Include="Function.h" />
    <ClInclude Include="Iterator.h" />
    <ClInclude Include="ValueReference.h" />
    <ClInclude Include="FiberRunner.h" />
    <ClInclude Include="parser.h" />
    <ClInclude Include="yy.h">
      <Filter>Generated Files</Filter>
    </ClInclude>
  </ItemGroup>
  <ItemGroup>
    <None Include="parser.output">
      <Filter>Generated Files</Filter>
    </None>
    <None Include="parser.inl">
      <Filter>Generated Files</Filter>
    </None>
    <None Include="scanner.inl">
      <Filter>Generated Files</Filter>
    </None>
    <None Include="Value.cc.inl">
      <Filter>Generated Files</Filter>
    </None>
    <None Include="Value.h.inl">
      <Filter>Generated Files</Filter>
    </None>
  </ItemGroup>
</Project>