<?xml version="1.0" encoding="utf-8"?>
<Project ToolsVersion="4.0" xmlns="http://schemas.microsoft.com/developer/msbuild/2003">
  <ItemGroup>
    <Filter Include="Resource Files">
      <UniqueIdentifier>{67DA6AB6-F800-4c08-8B7A-83BB121AAD01}</UniqueIdentifier>
      <Extensions>rc;ico;cur;bmp;dlg;rc2;rct;bin;rgs;gif;jpg;jpeg;jpe;resx;tiff;tif;png;wav;mfcribbon-ms</Extensions>
    </Filter>
    <Filter Include="Generated Files">
      <UniqueIdentifier>{ac13f2ec-3501-4631-90bf-5161087f546a}</UniqueIdentifier>
    </Filter>
  </ItemGroup>
  <ItemGroup>
    <ClCompile Include="parser.cc">
      <Filter>Generated Files</Filter>
    </ClCompile>
    <ClCompile Include="scanner.cc">
      <Filter>Generated Files</Filter>
    </ClCompile>
    <ClCompile Include="JojobaScript.cc" />
    <ClCompile Include="Statement.cc" />
    <ClCompile Include="Expression.cc" />
    <ClCompile Include="Context.cc" />
  </ItemGroup>
  <ItemGroup>
    <ClInclude Include="parser.h">
      <Filter>Generated Files</Filter>
    </ClInclude>
    <ClInclude Include="JojobaScript.h" />
    <ClInclude Include="scanner.h" />
    <ClInclude Include="Statement.h" />
    <ClInclude Include="Expression.h" />
    <ClInclude Include="Context.h" />
  </ItemGroup>
  <ItemGroup>
    <None Include="parser.output">
      <Filter>Generated Files</Filter>
    </None>
    <None Include="Value.cc.g.inl">
      <Filter>Generated Files</Filter>
    </None>
    <None Include="Value.h.g.inl">
      <Filter>Generated Files</Filter>
    </None>
  </ItemGroup>
</Project>