Microsoft Visual Studio Solution File, Format Version 12.00
# Visual Studio Version 17
VisualStudioVersion = 17.8.34309.116
MinimumVisualStudioVersion = 10.0.40219.1
Project("{8BC9CEB8-8B4A-11D0-8D11-00A0C91BC942}") = "Application", "Application.vcxproj", "{E1BF700C-CDDC-45F3-B03A-2836F5DA9A39}"
	ProjectSection(ProjectDependencies) = postProject
		{197BAC2C-8491-4CF2-8F72-A2908C8E689A} = {197BAC2C-8491-4CF2-8F72-A2908C8E689A}
	EndProjectSection
EndProject
Project("{8BC9CEB8-8B4A-11D0-8D11-00A0C91BC942}") = "Make", "Make.vcxproj", "{197BAC2C-8491-4CF2-8F72-A2908C8E689A}"
EndProject
Project("{2150E333-8FDC-42A3-9474-1A3956D46DE8}") = "Solution Items", "Solution Items", "{4B98610C-363C-4FC5-8764-61AD5CB1AE97}"
	ProjectSection(SolutionItems) = preProject
		README.md = README.md
		tesst.jjs = tesst.jjs
		tesst2.jjs = tesst2.jjs
	EndProjectSection
EndProject
Global
	GlobalSection(SolutionConfigurationPlatforms) = preSolution
		Debug|x64 = Debug|x64
		Release|x64 = Release|x64
	EndGlobalSection
	GlobalSection(ProjectConfigurationPlatforms) = postSolution
		{E1BF700C-CDDC-45F3-B03A-2836F5DA9A39}.Debug|x64.ActiveCfg = Debug|x64
		{E1BF700C-CDDC-45F3-B03A-2836F5DA9A39}.Debug|x64.Build.0 = Debug|x64
		{E1BF700C-CDDC-45F3-B03A-2836F5DA9A39}.Release|x64.ActiveCfg = Release|x64
		{E1BF700C-CDDC-45F3-B03A-2836F5DA9A39}.Release|x64.Build.0 = Release|x64
		{197BAC2C-8491-4CF2-8F72-A2908C8E689A}.Debug|x64.ActiveCfg = Debug|x64
		{197BAC2C-8491-4CF2-8F72-A2908C8E689A}.Debug|x64.Build.0 = Debug|x64
		{197BAC2C-8491-4CF2-8F72-A2908C8E689A}.Release|x64.ActiveCfg = Release|x64
		{197BAC2C-8491-4CF2-8F72-A2908C8E689A}.Release|x64.Build.0 = Release|x64
	EndGlobalSection
	GlobalSection(SolutionProperties) = preSolution
		HideSolutionNode = FALSE
	EndGlobalSection
	GlobalSection(ExtensibilityGlobals) = postSolution
		SolutionGuid = {EB9AFABD-2E66-43C1-B46A-92E2A49FCC16}
	EndGlobalSection
EndGlobal
